
Microsoft Visual Studio Solution File, Format Version 12.00
# Visual Studio 2012
Project("{FAE04EC0-301F-11D3-BF4B-00C04F79EFBC}") = "1800Contacts_Project", "1800Contacts_Project.csproj", "{FE667ACB-C831-4F50-AE95-C15F9DD26C63}"
EndProject
Project("{FAE04EC0-301F-11D3-BF4B-00C04F79EFBC}") = "1800Contacts_Project_Tests", "..\1800Contacts_Project_Tests\1800Contacts_Project_Tests.csproj", "{214FE583-5F51-45BA-B041-1D01795658CC}"
EndProject
Global
	GlobalSection(SolutionConfigurationPlatforms) = preSolution
		Debug|Any CPU = Debug|Any CPU
		Release|Any CPU = Release|Any CPU
	EndGlobalSection
	GlobalSection(ProjectConfigurationPlatforms) = postSolution
		{FE667ACB-C831-4F50-AE95-C15F9DD26C63}.Debug|Any CPU.ActiveCfg = Debug|Any CPU
		{FE667ACB-C831-4F50-AE95-C15F9DD26C63}.Debug|Any CPU.Build.0 = Debug|Any CPU
		{FE667ACB-C831-4F50-AE95-C15F9DD26C63}.Release|Any CPU.ActiveCfg = Release|Any CPU
		{FE667ACB-C831-4F50-AE95-C15F9DD26C63}.Release|Any CPU.Build.0 = Release|Any CPU
		{214FE583-5F51-45BA-B041-1D01795658CC}.Debug|Any CPU.ActiveCfg = Debug|Any CPU
		{214FE583-5F51-45BA-B041-1D01795658CC}.Debug|Any CPU.Build.0 = Debug|Any CPU
		{214FE583-5F51-45BA-B041-1D01795658CC}.Release|Any CPU.ActiveCfg = Release|Any CPU
		{214FE583-5F51-45BA-B041-1D01795658CC}.Release|Any CPU.Build.0 = Release|Any CPU
	EndGlobalSection
	GlobalSection(SolutionProperties) = preSolution
		HideSolutionNode = FALSE
	EndGlobalSection
EndGlobal
